<?xml version="1.0" encoding="UTF-8"?>
<Scheme
   version = "1.3">
   <BuildAction>
      <BuildActionEntries>
         <BuildActionEntry
            buildForRunning = "YES">
            <BuildableReference
               BuildableIdentifier = "primary"
               BlueprintIdentifier = "D7717DDF29902F6400610513"
               BuildableName = "CSharpLexicalAnalyzer.app"
               BlueprintName = "CSharpLexicalAnalyzer"
               ReferencedContainer = "container:CSharpLexicalAnalyzer.xcodeproj">
            </BuildableReference>
         </BuildActionEntry>
      </BuildActionEntries>
   </BuildAction>
   <LaunchAction
      useCustomWorkingDirectory = "NO"
      buildConfiguration = "Debug"
      allowLocationSimulation = "YES">
      <BuildableProductRunnable>
         <BuildableReference
            BuildableIdentifier = "primary"
            BlueprintIdentifier = "D7717DDF29902F6400610513"
            BuildableName = "CSharpLexicalAnalyzer.app"
            BlueprintName = "CSharpLexicalAnalyzer"
            ReferencedContainer = "container:CSharpLexicalAnalyzer.xcodeproj">
         </BuildableReference>
      </BuildableProductRunnable>
   </LaunchAction>
</Scheme>
