<?xml version="1.0" encoding="UTF-8"?>
<Scheme
   version = "1.3">
   <BuildAction>
      <BuildActionEntries>
         <BuildActionEntry
            buildForRunning = "YES">
            <BuildableReference
               BuildableIdentifier = "primary"
               BlueprintIdentifier = "D71DC25C29B216C300D079C4"
               BuildableName = "TranslatorSharp2PlusPlus.app"
               BlueprintName = "TranslatorSharp2PlusPlus"
               ReferencedContainer = "container:TranslatorSharp2PlusPlus.xcodeproj">
            </BuildableReference>
         </BuildActionEntry>
      </BuildActionEntries>
   </BuildAction>
   <LaunchAction
      useCustomWorkingDirectory = "NO"
      buildConfiguration = "Debug"
      allowLocationSimulation = "YES">
      <BuildableProductRunnable>
         <BuildableReference
            BuildableIdentifier = "primary"
            BlueprintIdentifier = "D71DC25C29B216C300D079C4"
            BuildableName = "TranslatorSharp2PlusPlus.app"
            BlueprintName = "TranslatorSharp2PlusPlus"
            ReferencedContainer = "container:TranslatorSharp2PlusPlus.xcodeproj">
         </BuildableReference>
      </BuildableProductRunnable>
   </LaunchAction>
</Scheme>
