// !$*UTF8*$!
{
	archiveVersion = 1;
	classes = {
	};
	objectVersion = 56;
	objects = {

/* Begin PBXBuildFile section */
		D71DC2A329B3135700D079C4 /* TranslatorSharp2PlusApp.swift in Sources */ = {isa = PBXBuildFile; fileRef = D71DC2A229B3135700D079C4 /* TranslatorSharp2PlusApp.swift */; };
		D71DC2A529B3135700D079C4 /* ContentView.swift in Sources */ = {isa = PBXBuildFile; fileRef = D71DC2A429B3135700D079C4 /* ContentView.swift */; };
		D71DC2A729B3135D00D079C4 /* Assets.xcassets in Resources */ = {isa = PBXBuildFile; fileRef = D71DC2A629B3135D00D079C4 /* Assets.xcassets */; };
		D71DC2AA29B3135D00D079C4 /* Preview Assets.xcassets in Resources */ = {isa = PBXBuildFile; fileRef = D71DC2A929B3135D00D079C4 /* Preview Assets.xcassets */; };
		D71DC2AC29B3135D00D079C4 /* Persistence.swift in Sources */ = {isa = PBXBuildFile; fileRef = D71DC2AB29B3135D00D079C4 /* Persistence.swift */; };
		D71DC2AF29B3135D00D079C4 /* TranslatorSharp2Plus.xcdatamodeld in Sources */ = {isa = PBXBuildFile; fileRef = D71DC2AD29B3135D00D079C4 /* TranslatorSharp2Plus.xcdatamodeld */; };
		D71DC2B729B3136900D079C4 /* MainView.swift in Sources */ = {isa = PBXBuildFile; fileRef = D71DC2B629B3136900D079C4 /* MainView.swift */; };
		D71DC2B929B3139800D079C4 /* LexicalAnalyzer.swift in Sources */ = {isa = PBXBuildFile; fileRef = D71DC2B829B3139800D079C4 /* LexicalAnalyzer.swift */; };
/* End PBXBuildFile section */

/* Begin PBXFileReference section */
		D71DC29F29B3135700D079C4 /* TranslatorSharp2Plus.app */ = {isa = PBXFileReference; explicitFileType = wrapper.application; includeInIndex = 0; path = TranslatorSharp2Plus.app; sourceTree = BUILT_PRODUCTS_DIR; };
		D71DC2A229B3135700D079C4 /* TranslatorSharp2PlusApp.swift */ = {isa = PBXFileReference; lastKnownFileType = sourcecode.swift; path = TranslatorSharp2PlusApp.swift; sourceTree = "<group>"; };
		D71DC2A429B3135700D079C4 /* ContentView.swift */ = {isa = PBXFileReference; lastKnownFileType = sourcecode.swift; path = ContentView.swift; sourceTree = "<group>"; };
		D71DC2A629B3135D00D079C4 /* Assets.xcassets */ = {isa = PBXFileReference; lastKnownFileType = folder.assetcatalog; path = Assets.xcassets; sourceTree = "<group>"; };
		D71DC2A929B3135D00D079C4 /* Preview Assets.xcassets */ = {isa = PBXFileReference; lastKnownFileType = folder.assetcatalog; path = "Preview Assets.xcassets"; sourceTree = "<group>"; };
		D71DC2AB29B3135D00D079C4 /* Persistence.swift */ = {isa = PBXFileReference; lastKnownFileType = sourcecode.swift; path = Persistence.swift; sourceTree = "<group>"; };
		D71DC2AE29B3135D00D079C4 /* TranslatorSharp2Plus.xcdatamodel */ = {isa = PBXFileReference; lastKnownFileType = wrapper.xcdatamodel; path = TranslatorSharp2Plus.xcdatamodel; sourceTree = "<group>"; };
		D71DC2B029B3135D00D079C4 /* TranslatorSharp2Plus.entitlements */ = {isa = PBXFileReference; lastKnownFileType = text.plist.entitlements; path = TranslatorSharp2Plus.entitlements; sourceTree = "<group>"; };
		D71DC2B629B3136900D079C4 /* MainView.swift */ = {isa = PBXFileReference; lastKnownFileType = sourcecode.swift; path = MainView.swift; sourceTree = "<group>"; };
		D71DC2B829B3139800D079C4 /* LexicalAnalyzer.swift */ = {isa = PBXFileReference; lastKnownFileType = sourcecode.swift; path = LexicalAnalyzer.swift; sourceTree = "<group>"; };
/* End PBXFileReference section */

/* Begin PBXFrameworksBuildPhase section */
		D71DC29C29B3135700D079C4 /* Frameworks */ = {
			isa = PBXFrameworksBuildPhase;
			buildActionMask = 2147483647;
			files = (
			);
			runOnlyForDeploymentPostprocessing = 0;
		};
/* End PBXFrameworksBuildPhase section */

/* Begin PBXGroup section */
		D71DC29629B3135700D079C4 = {
			isa = PBXGroup;
			children = (
				D71DC2A129B3135700D079C4 /* TranslatorSharp2Plus */,
				D71DC2A029B3135700D079C4 /* Products */,
			);
			sourceTree = "<group>";
		};
		D71DC2A029B3135700D079C4 /* Products */ = {
			isa = PBXGroup;
			children = (
				D71DC29F29B3135700D079C4 /* TranslatorSharp2Plus.app */,
			);
			name = Products;
			sourceTree = "<group>";
		};
		D71DC2A129B3135700D079C4 /* TranslatorSharp2Plus */ = {
			isa = PBXGroup;
			children = (
				D71DC2A229B3135700D079C4 /* TranslatorSharp2PlusApp.swift */,
				D71DC2A429B3135700D079C4 /* ContentView.swift */,
				D71DC2BB29B313CA00D079C4 /* View */,
				D71DC2BA29B313C500D079C4 /* ViewModel */,
				D71DC2A629B3135D00D079C4 /* Assets.xcassets */,
				D71DC2AB29B3135D00D079C4 /* Persistence.swift */,
				D71DC2B029B3135D00D079C4 /* TranslatorSharp2Plus.entitlements */,
				D71DC2AD29B3135D00D079C4 /* TranslatorSharp2Plus.xcdatamodeld */,
				D71DC2A829B3135D00D079C4 /* Preview Content */,
			);
			path = TranslatorSharp2Plus;
			sourceTree = "<group>";
		};
		D71DC2A829B3135D00D079C4 /* Preview Content */ = {
			isa = PBXGroup;
			children = (
				D71DC2A929B3135D00D079C4 /* Preview Assets.xcassets */,
			);
			path = "Preview Content";
			sourceTree = "<group>";
		};
		D71DC2BA29B313C500D079C4 /* ViewModel */ = {
			isa = PBXGroup;
			children = (
				D71DC2B829B3139800D079C4 /* LexicalAnalyzer.swift */,
			);
			path = ViewModel;
			sourceTree = "<group>";
		};
		D71DC2BB29B313CA00D079C4 /* View */ = {
			isa = PBXGroup;
			children = (
				D71DC2B629B3136900D079C4 /* MainView.swift */,
			);
			path = View;
			sourceTree = "<group>";
		};
/* End PBXGroup section */

/* Begin PBXNativeTarget section */
		D71DC29E29B3135700D079C4 /* TranslatorSharp2Plus */ = {
			isa = PBXNativeTarget;
			buildConfigurationList = D71DC2B329B3135D00D079C4 /* Build configuration list for PBXNativeTarget "TranslatorSharp2Plus" */;
			buildPhases = (
				D71DC29B29B3135700D079C4 /* Sources */,
				D71DC29C29B3135700D079C4 /* Frameworks */,
				D71DC29D29B3135700D079C4 /* Resources */,
			);
			buildRules = (
			);
			dependencies = (
			);
			name = TranslatorSharp2Plus;
			productName = TranslatorSharp2Plus;
			productReference = D71DC29F29B3135700D079C4 /* TranslatorSharp2Plus.app */;
			productType = "com.apple.product-type.application";
		};
/* End PBXNativeTarget section */

/* Begin PBXProject section */
		D71DC29729B3135700D079C4 /* Project object */ = {
			isa = PBXProject;
			attributes = {
				BuildIndependentTargetsInParallel = 1;
				LastSwiftUpdateCheck = 1420;
				LastUpgradeCheck = 1420;
				TargetAttributes = {
					D71DC29E29B3135700D079C4 = {
						CreatedOnToolsVersion = 14.2;
					};
				};
			};
			buildConfigurationList = D71DC29A29B3135700D079C4 /* Build configuration list for PBXProject "TranslatorSharp2Plus" */;
			compatibilityVersion = "Xcode 14.0";
			developmentRegion = en;
			hasScannedForEncodings = 0;
			knownRegions = (
				en,
				Base,
			);
			mainGroup = D71DC29629B3135700D079C4;
			productRefGroup = D71DC2A029B3135700D079C4 /* Products */;
			projectDirPath = "";
			projectRoot = "";
			targets = (
				D71DC29E29B3135700D079C4 /* TranslatorSharp2Plus */,
			);
		};
/* End PBXProject section */

/* Begin PBXResourcesBuildPhase section */
		D71DC29D29B3135700D079C4 /* Resources */ = {
			isa = PBXResourcesBuildPhase;
			buildActionMask = 2147483647;
			files = (
				D71DC2AA29B3135D00D079C4 /* Preview Assets.xcassets in Resources */,
				D71DC2A729B3135D00D079C4 /* Assets.xcassets in Resources */,
			);
			runOnlyForDeploymentPostprocessing = 0;
		};
/* End PBXResourcesBuildPhase section */

/* Begin PBXSourcesBuildPhase section */
		D71DC29B29B3135700D079C4 /* Sources */ = {
			isa = PBXSourcesBuildPhase;
			buildActionMask = 2147483647;
			files = (
				D71DC2AC29B3135D00D079C4 /* Persistence.swift in Sources */,
				D71DC2AF29B3135D00D079C4 /* TranslatorSharp2Plus.xcdatamodeld in Sources */,
				D71DC2A529B3135700D079C4 /* ContentView.swift in Sources */,
				D71DC2B729B3136900D079C4 /* MainView.swift in Sources */,
				D71DC2B929B3139800D079C4 /* LexicalAnalyzer.swift in Sources */,
				D71DC2A329B3135700D079C4 /* TranslatorSharp2PlusApp.swift in Sources */,
			);
			runOnlyForDeploymentPostprocessing = 0;
		};
/* End PBXSourcesBuildPhase section */

/* Begin XCBuildConfiguration section */
		D71DC2B129B3135D00D079C4 /* Debug */ = {
			isa = XCBuildConfiguration;
			buildSettings = {
				ALWAYS_SEARCH_USER_PATHS = NO;
				CLANG_ANALYZER_NONNULL = YES;
				CLANG_ANALYZER_NUMBER_OBJECT_CONVERSION = YES_AGGRESSIVE;
				CLANG_CXX_LANGUAGE_STANDARD = "gnu++20";
				CLANG_ENABLE_MODULES = YES;
				CLANG_ENABLE_OBJC_ARC = YES;
				CLANG_ENABLE_OBJC_WEAK = YES;
				CLANG_WARN_BLOCK_CAPTURE_AUTORELEASING = YES;
				CLANG_WARN_BOOL_CONVERSION = YES;
				CLANG_WARN_COMMA = YES;
				CLANG_WARN_CONSTANT_CONVERSION = YES;
				CLANG_WARN_DEPRECATED_OBJC_IMPLEMENTATIONS = YES;
				CLANG_WARN_DIRECT_OBJC_ISA_USAGE = YES_ERROR;
				CLANG_WARN_DOCUMENTATION_COMMENTS = YES;
				CLANG_WARN_EMPTY_BODY = YES;
				CLANG_WARN_ENUM_CONVERSION = YES;
				CLANG_WARN_INFINITE_RECURSION = YES;
				CLANG_WARN_INT_CONVERSION = YES;
				CLANG_WARN_NON_LITERAL_NULL_CONVERSION = YES;
				CLANG_WARN_OBJC_IMPLICIT_RETAIN_SELF = YES;
				CLANG_WARN_OBJC_LITERAL_CONVERSION = YES;
				CLANG_WARN_OBJC_ROOT_CLASS = YES_ERROR;
				CLANG_WARN_QUOTED_INCLUDE_IN_FRAMEWORK_HEADER = YES;
				CLANG_WARN_RANGE_LOOP_ANALYSIS = YES;
				CLANG_WARN_STRICT_PROTOTYPES = YES;
				CLANG_WARN_SUSPICIOUS_MOVE = YES;
				CLANG_WARN_UNGUARDED_AVAILABILITY = YES_AGGRESSIVE;
				CLANG_WARN_UNREACHABLE_CODE = YES;
				CLANG_WARN__DUPLICATE_METHOD_MATCH = YES;
				COPY_PHASE_STRIP = NO;
				DEBUG_INFORMATION_FORMAT = dwarf;
				ENABLE_STRICT_OBJC_MSGSEND = YES;
				ENABLE_TESTABILITY = YES;
				GCC_C_LANGUAGE_STANDARD = gnu11;
				GCC_DYNAMIC_NO_PIC = NO;
				GCC_NO_COMMON_BLOCKS = YES;
				GCC_OPTIMIZATION_LEVEL = 0;
				GCC_PREPROCESSOR_DEFINITIONS = (
					"DEBUG=1",
					"$(inherited)",
				);
				GCC_WARN_64_TO_32_BIT_CONVERSION = YES;
				GCC_WARN_ABOUT_RETURN_TYPE = YES_ERROR;
				GCC_WARN_UNDECLARED_SELECTOR = YES;
				GCC_WARN_UNINITIALIZED_AUTOS = YES_AGGRESSIVE;
				GCC_WARN_UNUSED_FUNCTION = YES;
				GCC_WARN_UNUSED_VARIABLE = YES;
				MACOSX_DEPLOYMENT_TARGET = 13.1;
				MTL_ENABLE_DEBUG_INFO = INCLUDE_SOURCE;
				MTL_FAST_MATH = YES;
				ONLY_ACTIVE_ARCH = YES;
				SDKROOT = macosx;
				SWIFT_ACTIVE_COMPILATION_CONDITIONS = DEBUG;
				SWIFT_OPTIMIZATION_LEVEL = "-Onone";
			};
			name = Debug;
		};
		D71DC2B229B3135D00D079C4 /* Release */ = {
			isa = XCBuildConfiguration;
			buildSettings = {
				ALWAYS_SEARCH_USER_PATHS = NO;
				CLANG_ANALYZER_NONNULL = YES;
				CLANG_ANALYZER_NUMBER_OBJECT_CONVERSION = YES_AGGRESSIVE;
				CLANG_CXX_LANGUAGE_STANDARD = "gnu++20";
				CLANG_ENABLE_MODULES = YES;
				CLANG_ENABLE_OBJC_ARC = YES;
				CLANG_ENABLE_OBJC_WEAK = YES;
				CLANG_WARN_BLOCK_CAPTURE_AUTORELEASING = YES;
				CLANG_WARN_BOOL_CONVERSION = YES;
				CLANG_WARN_COMMA = YES;
				CLANG_WARN_CONSTANT_CONVERSION = YES;
				CLANG_WARN_DEPRECATED_OBJC_IMPLEMENTATIONS = YES;
				CLANG_WARN_DIRECT_OBJC_ISA_USAGE = YES_ERROR;
				CLANG_WARN_DOCUMENTATION_COMMENTS = YES;
				CLANG_WARN_EMPTY_BODY = YES;
				CLANG_WARN_ENUM_CONVERSION = YES;
				CLANG_WARN_INFINITE_RECURSION = YES;
				CLANG_WARN_INT_CONVERSION = YES;
				CLANG_WARN_NON_LITERAL_NULL_CONVERSION = YES;
				CLANG_WARN_OBJC_IMPLICIT_RETAIN_SELF = YES;
				CLANG_WARN_OBJC_LITERAL_CONVERSION = YES;
				CLANG_WARN_OBJC_ROOT_CLASS = YES_ERROR;
				CLANG_WARN_QUOTED_INCLUDE_IN_FRAMEWORK_HEADER = YES;
				CLANG_WARN_RANGE_LOOP_ANALYSIS = YES;
				CLANG_WARN_STRICT_PROTOTYPES = YES;
				CLANG_WARN_SUSPICIOUS_MOVE = YES;
				CLANG_WARN_UNGUARDED_AVAILABILITY = YES_AGGRESSIVE;
				CLANG_WARN_UNREACHABLE_CODE = YES;
				CLANG_WARN__DUPLICATE_METHOD_MATCH = YES;
				COPY_PHASE_STRIP = NO;
				DEBUG_INFORMATION_FORMAT = "dwarf-with-dsym";
				ENABLE_NS_ASSERTIONS = NO;
				ENABLE_STRICT_OBJC_MSGSEND = YES;
				GCC_C_LANGUAGE_STANDARD = gnu11;
				GCC_NO_COMMON_BLOCKS = YES;
				GCC_WARN_64_TO_32_BIT_CONVERSION = YES;
				GCC_WARN_ABOUT_RETURN_TYPE = YES_ERROR;
				GCC_WARN_UNDECLARED_SELECTOR = YES;
				GCC_WARN_UNINITIALIZED_AUTOS = YES_AGGRESSIVE;
				GCC_WARN_UNUSED_FUNCTION = YES;
				GCC_WARN_UNUSED_VARIABLE = YES;
				MACOSX_DEPLOYMENT_TARGET = 13.1;
				MTL_ENABLE_DEBUG_INFO = NO;
				MTL_FAST_MATH = YES;
				SDKROOT = macosx;
				SWIFT_COMPILATION_MODE = wholemodule;
				SWIFT_OPTIMIZATION_LEVEL = "-O";
			};
			name = Release;
		};
		D71DC2B429B3135D00D079C4 /* Debug */ = {
			isa = XCBuildConfiguration;
			buildSettings = {
				ASSETCATALOG_COMPILER_APPICON_NAME = AppIcon;
				ASSETCATALOG_COMPILER_GLOBAL_ACCENT_COLOR_NAME = AccentColor;
				CODE_SIGN_ENTITLEMENTS = TranslatorSharp2Plus/TranslatorSharp2Plus.entitlements;
				CODE_SIGN_STYLE = Automatic;
				COMBINE_HIDPI_IMAGES = YES;
				CURRENT_PROJECT_VERSION = 1;
				DEVELOPMENT_ASSET_PATHS = "\"TranslatorSharp2Plus/Preview Content\"";
				DEVELOPMENT_TEAM = AUP52MS6LU;
				ENABLE_HARDENED_RUNTIME = YES;
				ENABLE_PREVIEWS = YES;
				GENERATE_INFOPLIST_FILE = YES;
				INFOPLIST_KEY_NSHumanReadableCopyright = "";
				LD_RUNPATH_SEARCH_PATHS = (
					"$(inherited)",
					"@executable_path/../Frameworks",
				);
				MARKETING_VERSION = 1.0;
				PRODUCT_BUNDLE_IDENTIFIER = snowlukin.selfprod.TranslatorSharp2Plus;
				PRODUCT_NAME = "$(TARGET_NAME)";
				SWIFT_EMIT_LOC_STRINGS = YES;
				SWIFT_VERSION = 5.0;
			};
			name = Debug;
		};
		D71DC2B529B3135D00D079C4 /* Release */ = {
			isa = XCBuildConfiguration;
			buildSettings = {
				ASSETCATALOG_COMPILER_APPICON_NAME = AppIcon;
				ASSETCATALOG_COMPILER_GLOBAL_ACCENT_COLOR_NAME = AccentColor;
				CODE_SIGN_ENTITLEMENTS = TranslatorSharp2Plus/TranslatorSharp2Plus.entitlements;
				CODE_SIGN_STYLE = Automatic;
				COMBINE_HIDPI_IMAGES = YES;
				CURRENT_PROJECT_VERSION = 1;
				DEVELOPMENT_ASSET_PATHS = "\"TranslatorSharp2Plus/Preview Content\"";
				DEVELOPMENT_TEAM = AUP52MS6LU;
				ENABLE_HARDENED_RUNTIME = YES;
				ENABLE_PREVIEWS = YES;
				GENERATE_INFOPLIST_FILE = YES;
				INFOPLIST_KEY_NSHumanReadableCopyright = "";
				LD_RUNPATH_SEARCH_PATHS = (
					"$(inherited)",
					"@executable_path/../Frameworks",
				);
				MARKETING_VERSION = 1.0;
				PRODUCT_BUNDLE_IDENTIFIER = snowlukin.selfprod.TranslatorSharp2Plus;
				PRODUCT_NAME = "$(TARGET_NAME)";
				SWIFT_EMIT_LOC_STRINGS = YES;
				SWIFT_VERSION = 5.0;
			};
			name = Release;
		};
/* End XCBuildConfiguration section */

/* Begin XCConfigurationList section */
		D71DC29A29B3135700D079C4 /* Build configuration list for PBXProject "TranslatorSharp2Plus" */ = {
			isa = XCConfigurationList;
			buildConfigurations = (
				D71DC2B129B3135D00D079C4 /* Debug */,
				D71DC2B229B3135D00D079C4 /* Release */,
			);
			defaultConfigurationIsVisible = 0;
			defaultConfigurationName = Release;
		};
		D71DC2B329B3135D00D079C4 /* Build configuration list for PBXNativeTarget "TranslatorSharp2Plus" */ = {
			isa = XCConfigurationList;
			buildConfigurations = (
				D71DC2B429B3135D00D079C4 /* Debug */,
				D71DC2B529B3135D00D079C4 /* Release */,
			);
			defaultConfigurationIsVisible = 0;
			defaultConfigurationName = Release;
		};
/* End XCConfigurationList section */

/* Begin XCVersionGroup section */
		D71DC2AD29B3135D00D079C4 /* TranslatorSharp2Plus.xcdatamodeld */ = {
			isa = XCVersionGroup;
			children = (
				D71DC2AE29B3135D00D079C4 /* TranslatorSharp2Plus.xcdatamodel */,
			);
			currentVersion = D71DC2AE29B3135D00D079C4 /* TranslatorSharp2Plus.xcdatamodel */;
			path = TranslatorSharp2Plus.xcdatamodeld;
			sourceTree = "<group>";
			versionGroupType = wrapper.xcdatamodel;
		};
/* End XCVersionGroup section */
	};
	rootObject = D71DC29729B3135700D079C4 /* Project object */;
}
